{
  "name": "cockatiel-retry-playground",
  "version": "1.0.0",
  "lockfileVersion": 1,
  "requires": true,
  "dependencies": {
    "cockatiel": {
      "version": "1.1.0",
      "resolved": "https://registry.npmjs.org/cockatiel/-/cockatiel-1.1.0.tgz",
      "integrity": "sha512-NmlrOkW+DYYPy7bkDpbPx0c4Rd/XSk8eigWo3Hex9kkfRgSMSoWyHu6yKFMQEIAivk+nMgefnLJkSrIrwjtCTw=="
    }
  }
}
